
Microsoft Visual Studio Solution File, Format Version 12.00
# Visual Studio 2013
VisualStudioVersion = 12.0.31101.0
MinimumVisualStudioVersion = 10.0.40219.1
Project("{FAE04EC0-301F-11D3-BF4B-00C04F79EFBC}") = "Triangle", "Triangle\Triangle.csproj", "{058DE472-8B97-4B7D-A29F-1B8602BAFA75}"
EndProject
Project("{FAE04EC0-301F-11D3-BF4B-00C04F79EFBC}") = "Pairs", "Pairs\Pairs.csproj", "{7D8782C2-F18C-4D4A-84BD-D6B2EAFCCDE0}"
EndProject
Project("{FAE04EC0-301F-11D3-BF4B-00C04F79EFBC}") = "House", "House\House.csproj", "{6AA25076-45B4-43DD-9A52-1123F801DEC5}"
EndProject
Project("{FAE04EC0-301F-11D3-BF4B-00C04F79EFBC}") = "MagicDates", "MagicDates\MagicDates.csproj", "{6FB6CBCB-0DBD-4B4A-BE25-C14EF52AF0BD}"
EndProject
Project("{2150E333-8FDC-42A3-9474-1A3956D46DE8}") = "EXAM PROBLEMS", "EXAM PROBLEMS", "{22D39C7B-9F48-4D5D-B21B-FEF6EDBB9041}"
EndProject
Project("{2150E333-8FDC-42A3-9474-1A3956D46DE8}") = "01 Exchange If Greater", "01 Exchange If Greater", "{6D37891A-0C85-49CC-89FB-E1FB0B311E72}"
EndProject
Project("{FAE04EC0-301F-11D3-BF4B-00C04F79EFBC}") = "ExchangfGreater", "ExchangfGreater\ExchangfGreater.csproj", "{CC0D7C00-A986-4220-839A-C24D3FD70045}"
EndProject
Project("{2150E333-8FDC-42A3-9474-1A3956D46DE8}") = "02 Bonus Score", "02 Bonus Score", "{F96BE314-FD52-47F3-88E3-62950F7DBAD3}"
EndProject
Project("{FAE04EC0-301F-11D3-BF4B-00C04F79EFBC}") = "BonusScore", "BonusScore\BonusScore.csproj", "{4AB31EBA-B465-46E6-82BB-96282FE5349E}"
EndProject
Project("{2150E333-8FDC-42A3-9474-1A3956D46DE8}") = "03 Check For A Play Card", "03 Check For A Play Card", "{4B9C517C-ED4C-4EF2-9844-5C590D2CE9D4}"
EndProject
Project("{FAE04EC0-301F-11D3-BF4B-00C04F79EFBC}") = "CheckForAPlayCard", "CheckForAPlayCard\CheckForAPlayCard.csproj", "{EC9209F7-47BD-45F9-BD03-EEF70F505787}"
EndProject
Project("{2150E333-8FDC-42A3-9474-1A3956D46DE8}") = "04 Multiplication Sign", "04 Multiplication Sign", "{7E1D3509-BE3A-4AB7-9A71-BB2E6314D4D8}"
EndProject
Project("{FAE04EC0-301F-11D3-BF4B-00C04F79EFBC}") = "MultiplicationSign", "MultiplicationSign\MultiplicationSign.csproj", "{32AC336C-0BBD-45FB-8E71-BAE9151C00AC}"
EndProject
Project("{2150E333-8FDC-42A3-9474-1A3956D46DE8}") = "05 The Biggest Of 3 Numbers", "05 The Biggest Of 3 Numbers", "{CDC0C741-36A6-4F0B-9E32-F1C01C634359}"
EndProject
Project("{FAE04EC0-301F-11D3-BF4B-00C04F79EFBC}") = "TheBiggestOf3Numbers", "TheBiggestOf3Numbers\TheBiggestOf3Numbers.csproj", "{89ECCEA1-364C-42AF-A032-B05900F190EE}"
EndProject
Project("{2150E333-8FDC-42A3-9474-1A3956D46DE8}") = "06 The Biggest Of Five Numbers", "06 The Biggest Of Five Numbers", "{58B34EED-8917-4DC7-B321-40CEAE39760D}"
EndProject
Project("{FAE04EC0-301F-11D3-BF4B-00C04F79EFBC}") = "TheBiggestOfFiveNumbers", "TheBiggestOfFiveNumbers\TheBiggestOfFiveNumbers.csproj", "{665AAAEC-33B7-47A9-A5B2-AB423AFEB6FE}"
EndProject
Project("{2150E333-8FDC-42A3-9474-1A3956D46DE8}") = "07 Sort 3 Numbers With Nested Ifs", "07 Sort 3 Numbers With Nested Ifs", "{B8EDC815-9E0E-4D24-9993-6B4FE6468A45}"
EndProject
Project("{FAE04EC0-301F-11D3-BF4B-00C04F79EFBC}") = "Sort3NumbersWithNestedIfs", "Sort3NumbersWithNestedIfs\Sort3NumbersWithNestedIfs.csproj", "{EAB8D0EA-4F6B-460A-B623-51E2F36D7702}"
EndProject
Project("{2150E333-8FDC-42A3-9474-1A3956D46DE8}") = "08 Digit As Word", "08 Digit As Word", "{E0123722-29BE-4040-99A9-80E5936AE7E3}"
EndProject
Project("{FAE04EC0-301F-11D3-BF4B-00C04F79EFBC}") = "DigitAsWord", "DigitAsWord\DigitAsWord.csproj", "{36EFECE0-2001-487B-88CB-1B9EAAAB4BC0}"
EndProject
Project("{2150E333-8FDC-42A3-9474-1A3956D46DE8}") = "09 Play with Int, Double and String", "09 Play with Int, Double and String", "{B22E1167-9400-47D0-B156-46BDF4D92731}"
EndProject
Project("{FAE04EC0-301F-11D3-BF4B-00C04F79EFBC}") = "PlayWithIntDoubleAndString", "PlayWithIntDoubleAndString\PlayWithIntDoubleAndString.csproj", "{18D85DA8-207F-4CD9-A5DB-C0E6AB0443E8}"
EndProject
Project("{2150E333-8FDC-42A3-9474-1A3956D46DE8}") = "10 Beer Time", "10 Beer Time", "{00CE9ACA-36EF-4A0C-8C4A-DB64734CECC3}"
EndProject
Project("{FAE04EC0-301F-11D3-BF4B-00C04F79EFBC}") = "BeerTime", "BeerTime\BeerTime.csproj", "{903B2BE9-3868-4BFC-A805-90963962A17F}"
EndProject
Project("{2150E333-8FDC-42A3-9474-1A3956D46DE8}") = "11 Number as Words", "11 Number as Words", "{23E0F246-954E-4BEA-8D2E-9986D025A17A}"
EndProject
Project("{FAE04EC0-301F-11D3-BF4B-00C04F79EFBC}") = "NumberAsWords", "NumberAsWords\NumberAsWords.csproj", "{94026366-7EE1-4E84-A6D0-2D5857FE8085}"
EndProject
Project("{2150E333-8FDC-42A3-9474-1A3956D46DE8}") = "12 Zero Subset", "12 Zero Subset", "{B116B1AD-4908-4C52-9BF7-B04BC9ADF9DF}"
EndProject
Project("{FAE04EC0-301F-11D3-BF4B-00C04F79EFBC}") = "ZeroSubset", "ZeroSubset\ZeroSubset.csproj", "{62B588E8-4512-4D58-B2F9-404339040EC8}"
EndProject
Project("{FAE04EC0-301F-11D3-BF4B-00C04F79EFBC}") = "BitKiller", "BitKiller\BitKiller.csproj", "{7416055A-51CC-490F-B7FE-936B4E9AA9C2}"
EndProject
Global
	GlobalSection(SolutionConfigurationPlatforms) = preSolution
		Debug|Any CPU = Debug|Any CPU
		Release|Any CPU = Release|Any CPU
	EndGlobalSection
	GlobalSection(ProjectConfigurationPlatforms) = postSolution
		{058DE472-8B97-4B7D-A29F-1B8602BAFA75}.Debug|Any CPU.ActiveCfg = Debug|Any CPU
		{058DE472-8B97-4B7D-A29F-1B8602BAFA75}.Debug|Any CPU.Build.0 = Debug|Any CPU
		{058DE472-8B97-4B7D-A29F-1B8602BAFA75}.Release|Any CPU.ActiveCfg = Release|Any CPU
		{058DE472-8B97-4B7D-A29F-1B8602BAFA75}.Release|Any CPU.Build.0 = Release|Any CPU
		{7D8782C2-F18C-4D4A-84BD-D6B2EAFCCDE0}.Debug|Any CPU.ActiveCfg = Debug|Any CPU
		{7D8782C2-F18C-4D4A-84BD-D6B2EAFCCDE0}.Debug|Any CPU.Build.0 = Debug|Any CPU
		{7D8782C2-F18C-4D4A-84BD-D6B2EAFCCDE0}.Release|Any CPU.ActiveCfg = Release|Any CPU
		{7D8782C2-F18C-4D4A-84BD-D6B2EAFCCDE0}.Release|Any CPU.Build.0 = Release|Any CPU
		{6AA25076-45B4-43DD-9A52-1123F801DEC5}.Debug|Any CPU.ActiveCfg = Debug|Any CPU
		{6AA25076-45B4-43DD-9A52-1123F801DEC5}.Debug|Any CPU.Build.0 = Debug|Any CPU
		{6AA25076-45B4-43DD-9A52-1123F801DEC5}.Release|Any CPU.ActiveCfg = Release|Any CPU
		{6AA25076-45B4-43DD-9A52-1123F801DEC5}.Release|Any CPU.Build.0 = Release|Any CPU
		{6FB6CBCB-0DBD-4B4A-BE25-C14EF52AF0BD}.Debug|Any CPU.ActiveCfg = Debug|Any CPU
		{6FB6CBCB-0DBD-4B4A-BE25-C14EF52AF0BD}.Debug|Any CPU.Build.0 = Debug|Any CPU
		{6FB6CBCB-0DBD-4B4A-BE25-C14EF52AF0BD}.Release|Any CPU.ActiveCfg = Release|Any CPU
		{6FB6CBCB-0DBD-4B4A-BE25-C14EF52AF0BD}.Release|Any CPU.Build.0 = Release|Any CPU
		{CC0D7C00-A986-4220-839A-C24D3FD70045}.Debug|Any CPU.ActiveCfg = Debug|Any CPU
		{CC0D7C00-A986-4220-839A-C24D3FD70045}.Debug|Any CPU.Build.0 = Debug|Any CPU
		{CC0D7C00-A986-4220-839A-C24D3FD70045}.Release|Any CPU.ActiveCfg = Release|Any CPU
		{CC0D7C00-A986-4220-839A-C24D3FD70045}.Release|Any CPU.Build.0 = Release|Any CPU
		{4AB31EBA-B465-46E6-82BB-96282FE5349E}.Debug|Any CPU.ActiveCfg = Debug|Any CPU
		{4AB31EBA-B465-46E6-82BB-96282FE5349E}.Debug|Any CPU.Build.0 = Debug|Any CPU
		{4AB31EBA-B465-46E6-82BB-96282FE5349E}.Release|Any CPU.ActiveCfg = Release|Any CPU
		{4AB31EBA-B465-46E6-82BB-96282FE5349E}.Release|Any CPU.Build.0 = Release|Any CPU
		{EC9209F7-47BD-45F9-BD03-EEF70F505787}.Debug|Any CPU.ActiveCfg = Debug|Any CPU
		{EC9209F7-47BD-45F9-BD03-EEF70F505787}.Debug|Any CPU.Build.0 = Debug|Any CPU
		{EC9209F7-47BD-45F9-BD03-EEF70F505787}.Release|Any CPU.ActiveCfg = Release|Any CPU
		{EC9209F7-47BD-45F9-BD03-EEF70F505787}.Release|Any CPU.Build.0 = Release|Any CPU
		{32AC336C-0BBD-45FB-8E71-BAE9151C00AC}.Debug|Any CPU.ActiveCfg = Debug|Any CPU
		{32AC336C-0BBD-45FB-8E71-BAE9151C00AC}.Debug|Any CPU.Build.0 = Debug|Any CPU
		{32AC336C-0BBD-45FB-8E71-BAE9151C00AC}.Release|Any CPU.ActiveCfg = Release|Any CPU
		{32AC336C-0BBD-45FB-8E71-BAE9151C00AC}.Release|Any CPU.Build.0 = Release|Any CPU
		{89ECCEA1-364C-42AF-A032-B05900F190EE}.Debug|Any CPU.ActiveCfg = Debug|Any CPU
		{89ECCEA1-364C-42AF-A032-B05900F190EE}.Debug|Any CPU.Build.0 = Debug|Any CPU
		{89ECCEA1-364C-42AF-A032-B05900F190EE}.Release|Any CPU.ActiveCfg = Release|Any CPU
		{89ECCEA1-364C-42AF-A032-B05900F190EE}.Release|Any CPU.Build.0 = Release|Any CPU
		{665AAAEC-33B7-47A9-A5B2-AB423AFEB6FE}.Debug|Any CPU.ActiveCfg = Debug|Any CPU
		{665AAAEC-33B7-47A9-A5B2-AB423AFEB6FE}.Debug|Any CPU.Build.0 = Debug|Any CPU
		{665AAAEC-33B7-47A9-A5B2-AB423AFEB6FE}.Release|Any CPU.ActiveCfg = Release|Any CPU
		{665AAAEC-33B7-47A9-A5B2-AB423AFEB6FE}.Release|Any CPU.Build.0 = Release|Any CPU
		{EAB8D0EA-4F6B-460A-B623-51E2F36D7702}.Debug|Any CPU.ActiveCfg = Debug|Any CPU
		{EAB8D0EA-4F6B-460A-B623-51E2F36D7702}.Debug|Any CPU.Build.0 = Debug|Any CPU
		{EAB8D0EA-4F6B-460A-B623-51E2F36D7702}.Release|Any CPU.ActiveCfg = Release|Any CPU
		{EAB8D0EA-4F6B-460A-B623-51E2F36D7702}.Release|Any CPU.Build.0 = Release|Any CPU
		{36EFECE0-2001-487B-88CB-1B9EAAAB4BC0}.Debug|Any CPU.ActiveCfg = Debug|Any CPU
		{36EFECE0-2001-487B-88CB-1B9EAAAB4BC0}.Debug|Any CPU.Build.0 = Debug|Any CPU
		{36EFECE0-2001-487B-88CB-1B9EAAAB4BC0}.Release|Any CPU.ActiveCfg = Release|Any CPU
		{36EFECE0-2001-487B-88CB-1B9EAAAB4BC0}.Release|Any CPU.Build.0 = Release|Any CPU
		{18D85DA8-207F-4CD9-A5DB-C0E6AB0443E8}.Debug|Any CPU.ActiveCfg = Debug|Any CPU
		{18D85DA8-207F-4CD9-A5DB-C0E6AB0443E8}.Debug|Any CPU.Build.0 = Debug|Any CPU
		{18D85DA8-207F-4CD9-A5DB-C0E6AB0443E8}.Release|Any CPU.ActiveCfg = Release|Any CPU
		{18D85DA8-207F-4CD9-A5DB-C0E6AB0443E8}.Release|Any CPU.Build.0 = Release|Any CPU
		{903B2BE9-3868-4BFC-A805-90963962A17F}.Debug|Any CPU.ActiveCfg = Debug|Any CPU
		{903B2BE9-3868-4BFC-A805-90963962A17F}.Debug|Any CPU.Build.0 = Debug|Any CPU
		{903B2BE9-3868-4BFC-A805-90963962A17F}.Release|Any CPU.ActiveCfg = Release|Any CPU
		{903B2BE9-3868-4BFC-A805-90963962A17F}.Release|Any CPU.Build.0 = Release|Any CPU
		{94026366-7EE1-4E84-A6D0-2D5857FE8085}.Debug|Any CPU.ActiveCfg = Debug|Any CPU
		{94026366-7EE1-4E84-A6D0-2D5857FE8085}.Debug|Any CPU.Build.0 = Debug|Any CPU
		{94026366-7EE1-4E84-A6D0-2D5857FE8085}.Release|Any CPU.ActiveCfg = Release|Any CPU
		{94026366-7EE1-4E84-A6D0-2D5857FE8085}.Release|Any CPU.Build.0 = Release|Any CPU
		{62B588E8-4512-4D58-B2F9-404339040EC8}.Debug|Any CPU.ActiveCfg = Debug|Any CPU
		{62B588E8-4512-4D58-B2F9-404339040EC8}.Debug|Any CPU.Build.0 = Debug|Any CPU
		{62B588E8-4512-4D58-B2F9-404339040EC8}.Release|Any CPU.ActiveCfg = Release|Any CPU
		{62B588E8-4512-4D58-B2F9-404339040EC8}.Release|Any CPU.Build.0 = Release|Any CPU
		{7416055A-51CC-490F-B7FE-936B4E9AA9C2}.Debug|Any CPU.ActiveCfg = Debug|Any CPU
		{7416055A-51CC-490F-B7FE-936B4E9AA9C2}.Debug|Any CPU.Build.0 = Debug|Any CPU
		{7416055A-51CC-490F-B7FE-936B4E9AA9C2}.Release|Any CPU.ActiveCfg = Release|Any CPU
		{7416055A-51CC-490F-B7FE-936B4E9AA9C2}.Release|Any CPU.Build.0 = Release|Any CPU
	EndGlobalSection
	GlobalSection(SolutionProperties) = preSolution
		HideSolutionNode = FALSE
	EndGlobalSection
	GlobalSection(NestedProjects) = preSolution
		{058DE472-8B97-4B7D-A29F-1B8602BAFA75} = {22D39C7B-9F48-4D5D-B21B-FEF6EDBB9041}
		{7D8782C2-F18C-4D4A-84BD-D6B2EAFCCDE0} = {22D39C7B-9F48-4D5D-B21B-FEF6EDBB9041}
		{6AA25076-45B4-43DD-9A52-1123F801DEC5} = {22D39C7B-9F48-4D5D-B21B-FEF6EDBB9041}
		{6FB6CBCB-0DBD-4B4A-BE25-C14EF52AF0BD} = {22D39C7B-9F48-4D5D-B21B-FEF6EDBB9041}
		{CC0D7C00-A986-4220-839A-C24D3FD70045} = {6D37891A-0C85-49CC-89FB-E1FB0B311E72}
		{4AB31EBA-B465-46E6-82BB-96282FE5349E} = {F96BE314-FD52-47F3-88E3-62950F7DBAD3}
		{EC9209F7-47BD-45F9-BD03-EEF70F505787} = {4B9C517C-ED4C-4EF2-9844-5C590D2CE9D4}
		{32AC336C-0BBD-45FB-8E71-BAE9151C00AC} = {7E1D3509-BE3A-4AB7-9A71-BB2E6314D4D8}
		{89ECCEA1-364C-42AF-A032-B05900F190EE} = {CDC0C741-36A6-4F0B-9E32-F1C01C634359}
		{665AAAEC-33B7-47A9-A5B2-AB423AFEB6FE} = {58B34EED-8917-4DC7-B321-40CEAE39760D}
		{EAB8D0EA-4F6B-460A-B623-51E2F36D7702} = {B8EDC815-9E0E-4D24-9993-6B4FE6468A45}
		{36EFECE0-2001-487B-88CB-1B9EAAAB4BC0} = {E0123722-29BE-4040-99A9-80E5936AE7E3}
		{18D85DA8-207F-4CD9-A5DB-C0E6AB0443E8} = {B22E1167-9400-47D0-B156-46BDF4D92731}
		{903B2BE9-3868-4BFC-A805-90963962A17F} = {00CE9ACA-36EF-4A0C-8C4A-DB64734CECC3}
		{94026366-7EE1-4E84-A6D0-2D5857FE8085} = {23E0F246-954E-4BEA-8D2E-9986D025A17A}
		{62B588E8-4512-4D58-B2F9-404339040EC8} = {B116B1AD-4908-4C52-9BF7-B04BC9ADF9DF}
		{7416055A-51CC-490F-B7FE-936B4E9AA9C2} = {22D39C7B-9F48-4D5D-B21B-FEF6EDBB9041}
	EndGlobalSection
EndGlobal
